// !$*UTF8*$!
{
	archiveVersion = 1;
	classes = {
	};
	objectVersion = 46;
	objects = {

/* Begin PBXBuildFile section */
		442ADDB61F612AFF002A16E4 /* AppDelegate.swift in Sources */ = {isa = PBXBuildFile; fileRef = 442ADDB51F612AFF002A16E4 /* AppDelegate.swift */; };
		442ADDB81F612AFF002A16E4 /* ViewController.swift in Sources */ = {isa = PBXBuildFile; fileRef = 442ADDB71F612AFF002A16E4 /* ViewController.swift */; };
		442ADDBB1F612AFF002A16E4 /* Main.storyboard in Resources */ = {isa = PBXBuildFile; fileRef = 442ADDB91F612AFF002A16E4 /* Main.storyboard */; };
		442ADDBD1F612AFF002A16E4 /* Assets.xcassets in Resources */ = {isa = PBXBuildFile; fileRef = 442ADDBC1F612AFF002A16E4 /* Assets.xcassets */; };
		442ADDC01F612AFF002A16E4 /* LaunchScreen.storyboard in Resources */ = {isa = PBXBuildFile; fileRef = 442ADDBE1F612AFF002A16E4 /* LaunchScreen.storyboard */; };
		442ADDEE1F612B4F002A16E4 /* ColorExtension.swift in Sources */ = {isa = PBXBuildFile; fileRef = 442ADDC71F612B4F002A16E4 /* ColorExtension.swift */; };
		442ADDEF1F612B4F002A16E4 /* LVCollectionViewCell.swift in Sources */ = {isa = PBXBuildFile; fileRef = 442ADDC81F612B4F002A16E4 /* LVCollectionViewCell.swift */; };
		442ADDF01F612B4F002A16E4 /* LVContentView.swift in Sources */ = {isa = PBXBuildFile; fileRef = 442ADDC91F612B4F002A16E4 /* LVContentView.swift */; };
		442ADDF11F612B4F002A16E4 /* LVHeaderView.swift in Sources */ = {isa = PBXBuildFile; fileRef = 442ADDCA1F612B4F002A16E4 /* LVHeaderView.swift */; };
		442ADDF21F612B4F002A16E4 /* LICENSE in Resources */ = {isa = PBXBuildFile; fileRef = 442ADDCC1F612B4F002A16E4 /* LICENSE */; };
		442ADDF31F612B4F002A16E4 /* README.md in Sources */ = {isa = PBXBuildFile; fileRef = 442ADDCD1F612B4F002A16E4 /* README.md */; };
		442ADDF41F612B4F002A16E4 /* Constraint.swift in Sources */ = {isa = PBXBuildFile; fileRef = 442ADDCF1F612B4F002A16E4 /* Constraint.swift */; };
		442ADDF51F612B4F002A16E4 /* ConstraintAttributes.swift in Sources */ = {isa = PBXBuildFile; fileRef = 442ADDD01F612B4F002A16E4 /* ConstraintAttributes.swift */; };
		442ADDF61F612B4F002A16E4 /* ConstraintConfig.swift in Sources */ = {isa = PBXBuildFile; fileRef = 442ADDD11F612B4F002A16E4 /* ConstraintConfig.swift */; };
		442ADDF71F612B4F002A16E4 /* ConstraintConstantTarget.swift in Sources */ = {isa = PBXBuildFile; fileRef = 442ADDD21F612B4F002A16E4 /* ConstraintConstantTarget.swift */; };
		442ADDF81F612B4F002A16E4 /* ConstraintDescription.swift in Sources */ = {isa = PBXBuildFile; fileRef = 442ADDD31F612B4F002A16E4 /* ConstraintDescription.swift */; };
		442ADDF91F612B4F002A16E4 /* ConstraintDSL.swift in Sources */ = {isa = PBXBuildFile; fileRef = 442ADDD41F612B4F002A16E4 /* ConstraintDSL.swift */; };
		442ADDFA1F612B4F002A16E4 /* ConstraintInsets.swift in Sources */ = {isa = PBXBuildFile; fileRef = 442ADDD51F612B4F002A16E4 /* ConstraintInsets.swift */; };
		442ADDFB1F612B4F002A16E4 /* ConstraintInsetTarget.swift in Sources */ = {isa = PBXBuildFile; fileRef = 442ADDD61F612B4F002A16E4 /* ConstraintInsetTarget.swift */; };
		442ADDFC1F612B4F002A16E4 /* ConstraintItem.swift in Sources */ = {isa = PBXBuildFile; fileRef = 442ADDD71F612B4F002A16E4 /* ConstraintItem.swift */; };
		442ADDFD1F612B4F002A16E4 /* ConstraintLayoutGuide.swift in Sources */ = {isa = PBXBuildFile; fileRef = 442ADDD81F612B4F002A16E4 /* ConstraintLayoutGuide.swift */; };
		442ADDFE1F612B4F002A16E4 /* ConstraintLayoutGuideDSL.swift in Sources */ = {isa = PBXBuildFile; fileRef = 442ADDD91F612B4F002A16E4 /* ConstraintLayoutGuideDSL.swift */; };
		442ADDFF1F612B4F002A16E4 /* ConstraintLayoutSupport.swift in Sources */ = {isa = PBXBuildFile; fileRef = 442ADDDA1F612B4F002A16E4 /* ConstraintLayoutSupport.swift */; };
		442ADE001F612B4F002A16E4 /* ConstraintLayoutSupportDSL.swift in Sources */ = {isa = PBXBuildFile; fileRef = 442ADDDB1F612B4F002A16E4 /* ConstraintLayoutSupportDSL.swift */; };
		442ADE011F612B4F002A16E4 /* ConstraintMaker.swift in Sources */ = {isa = PBXBuildFile; fileRef = 442ADDDC1F612B4F002A16E4 /* ConstraintMaker.swift */; };
		442ADE021F612B4F002A16E4 /* ConstraintMakerEditable.swift in Sources */ = {isa = PBXBuildFile; fileRef = 442ADDDD1F612B4F002A16E4 /* ConstraintMakerEditable.swift */; };
		442ADE031F612B4F002A16E4 /* ConstraintMakerExtendable.swift in Sources */ = {isa = PBXBuildFile; fileRef = 442ADDDE1F612B4F002A16E4 /* ConstraintMakerExtendable.swift */; };
		442ADE041F612B4F002A16E4 /* ConstraintMakerFinalizable.swift in Sources */ = {isa = PBXBuildFile; fileRef = 442ADDDF1F612B4F002A16E4 /* ConstraintMakerFinalizable.swift */; };
		442ADE051F612B4F002A16E4 /* ConstraintMakerPriortizable.swift in Sources */ = {isa = PBXBuildFile; fileRef = 442ADDE01F612B4F002A16E4 /* ConstraintMakerPriortizable.swift */; };
		442ADE061F612B4F002A16E4 /* ConstraintMakerRelatable.swift in Sources */ = {isa = PBXBuildFile; fileRef = 442ADDE11F612B4F002A16E4 /* ConstraintMakerRelatable.swift */; };
		442ADE071F612B4F002A16E4 /* ConstraintMultiplierTarget.swift in Sources */ = {isa = PBXBuildFile; fileRef = 442ADDE21F612B4F002A16E4 /* ConstraintMultiplierTarget.swift */; };
		442ADE081F612B4F002A16E4 /* ConstraintOffsetTarget.swift in Sources */ = {isa = PBXBuildFile; fileRef = 442ADDE31F612B4F002A16E4 /* ConstraintOffsetTarget.swift */; };
		442ADE091F612B4F002A16E4 /* ConstraintPriorityTarget.swift in Sources */ = {isa = PBXBuildFile; fileRef = 442ADDE41F612B4F002A16E4 /* ConstraintPriorityTarget.swift */; };
		442ADE0A1F612B4F002A16E4 /* ConstraintRelatableTarget.swift in Sources */ = {isa = PBXBuildFile; fileRef = 442ADDE51F612B4F002A16E4 /* ConstraintRelatableTarget.swift */; };
		442ADE0B1F612B4F002A16E4 /* ConstraintRelation.swift in Sources */ = {isa = PBXBuildFile; fileRef = 442ADDE61F612B4F002A16E4 /* ConstraintRelation.swift */; };
		442ADE0C1F612B4F002A16E4 /* ConstraintView+Extensions.swift in Sources */ = {isa = PBXBuildFile; fileRef = 442ADDE71F612B4F002A16E4 /* ConstraintView+Extensions.swift */; };
		442ADE0D1F612B4F002A16E4 /* ConstraintView.swift in Sources */ = {isa = PBXBuildFile; fileRef = 442ADDE81F612B4F002A16E4 /* ConstraintView.swift */; };
		442ADE0E1F612B4F002A16E4 /* ConstraintViewDSL.swift in Sources */ = {isa = PBXBuildFile; fileRef = 442ADDE91F612B4F002A16E4 /* ConstraintViewDSL.swift */; };
		442ADE0F1F612B4F002A16E4 /* Debugging.swift in Sources */ = {isa = PBXBuildFile; fileRef = 442ADDEA1F612B4F002A16E4 /* Debugging.swift */; };
		442ADE101F612B4F002A16E4 /* LayoutConstraint.swift in Sources */ = {isa = PBXBuildFile; fileRef = 442ADDEB1F612B4F002A16E4 /* LayoutConstraint.swift */; };
		442ADE111F612B4F002A16E4 /* UILayoutGuide+Extensions.swift in Sources */ = {isa = PBXBuildFile; fileRef = 442ADDEC1F612B4F002A16E4 /* UILayoutGuide+Extensions.swift */; };
		442ADE121F612B4F002A16E4 /* UILayoutSupport+Extensions.swift in Sources */ = {isa = PBXBuildFile; fileRef = 442ADDED1F612B4F002A16E4 /* UILayoutSupport+Extensions.swift */; };
/* End PBXBuildFile section */

/* Begin PBXFileReference section */
		442ADDB21F612AFF002A16E4 /* LinkageView.app */ = {isa = PBXFileReference; explicitFileType = wrapper.application; includeInIndex = 0; path = LinkageView.app; sourceTree = BUILT_PRODUCTS_DIR; };
		442ADDB51F612AFF002A16E4 /* AppDelegate.swift */ = {isa = PBXFileReference; lastKnownFileType = sourcecode.swift; path = AppDelegate.swift; sourceTree = "<group>"; };
		442ADDB71F612AFF002A16E4 /* ViewController.swift */ = {isa = PBXFileReference; lastKnownFileType = sourcecode.swift; path = ViewController.swift; sourceTree = "<group>"; };
		442ADDBA1F612AFF002A16E4 /* Base */ = {isa = PBXFileReference; lastKnownFileType = file.storyboard; name = Base; path = Base.lproj/Main.storyboard; sourceTree = "<group>"; };
		442ADDBC1F612AFF002A16E4 /* Assets.xcassets */ = {isa = PBXFileReference; lastKnownFileType = folder.assetcatalog; path = Assets.xcassets; sourceTree = "<group>"; };
		442ADDBF1F612AFF002A16E4 /* Base */ = {isa = PBXFileReference; lastKnownFileType = file.storyboard; name = Base; path = Base.lproj/LaunchScreen.storyboard; sourceTree = "<group>"; };
		442ADDC11F612AFF002A16E4 /* Info.plist */ = {isa = PBXFileReference; lastKnownFileType = text.plist.xml; path = Info.plist; sourceTree = "<group>"; };
		442ADDC71F612B4F002A16E4 /* ColorExtension.swift */ = {isa = PBXFileReference; fileEncoding = 4; lastKnownFileType = sourcecode.swift; path = ColorExtension.swift; sourceTree = "<group>"; };
		442ADDC81F612B4F002A16E4 /* LVCollectionViewCell.swift */ = {isa = PBXFileReference; fileEncoding = 4; lastKnownFileType = sourcecode.swift; path = LVCollectionViewCell.swift; sourceTree = "<group>"; };
		442ADDC91F612B4F002A16E4 /* LVContentView.swift */ = {isa = PBXFileReference; fileEncoding = 4; lastKnownFileType = sourcecode.swift; path = LVContentView.swift; sourceTree = "<group>"; };
		442ADDCA1F612B4F002A16E4 /* LVHeaderView.swift */ = {isa = PBXFileReference; fileEncoding = 4; lastKnownFileType = sourcecode.swift; path = LVHeaderView.swift; sourceTree = "<group>"; };
		442ADDCC1F612B4F002A16E4 /* LICENSE */ = {isa = PBXFileReference; fileEncoding = 4; lastKnownFileType = text; path = LICENSE; sourceTree = "<group>"; };
		442ADDCD1F612B4F002A16E4 /* README.md */ = {isa = PBXFileReference; fileEncoding = 4; lastKnownFileType = net.daringfireball.markdown; path = README.md; sourceTree = "<group>"; };
		442ADDCF1F612B4F002A16E4 /* Constraint.swift */ = {isa = PBXFileReference; fileEncoding = 4; lastKnownFileType = sourcecode.swift; path = Constraint.swift; sourceTree = "<group>"; };
		442ADDD01F612B4F002A16E4 /* ConstraintAttributes.swift */ = {isa = PBXFileReference; fileEncoding = 4; lastKnownFileType = sourcecode.swift; path = ConstraintAttributes.swift; sourceTree = "<group>"; };
		442ADDD11F612B4F002A16E4 /* ConstraintConfig.swift */ = {isa = PBXFileReference; fileEncoding = 4; lastKnownFileType = sourcecode.swift; path = ConstraintConfig.swift; sourceTree = "<group>"; };
		442ADDD21F612B4F002A16E4 /* ConstraintConstantTarget.swift */ = {isa = PBXFileReference; fileEncoding = 4; lastKnownFileType = sourcecode.swift; path = ConstraintConstantTarget.swift; sourceTree = "<group>"; };
		442ADDD31F612B4F002A16E4 /* ConstraintDescription.swift */ = {isa = PBXFileReference; fileEncoding = 4; lastKnownFileType = sourcecode.swift; path = ConstraintDescription.swift; sourceTree = "<group>"; };
		442ADDD41F612B4F002A16E4 /* ConstraintDSL.swift */ = {isa = PBXFileReference; fileEncoding = 4; lastKnownFileType = sourcecode.swift; path = ConstraintDSL.swift; sourceTree = "<group>"; };
		442ADDD51F612B4F002A16E4 /* ConstraintInsets.swift */ = {isa = PBXFileReference; fileEncoding = 4; lastKnownFileType = sourcecode.swift; path = ConstraintInsets.swift; sourceTree = "<group>"; };
		442ADDD61F612B4F002A16E4 /* ConstraintInsetTarget.swift */ = {isa = PBXFileReference; fileEncoding = 4; lastKnownFileType = sourcecode.swift; path = ConstraintInsetTarget.swift; sourceTree = "<group>"; };
		442ADDD71F612B4F002A16E4 /* ConstraintItem.swift */ = {isa = PBXFileReference; fileEncoding = 4; lastKnownFileType = sourcecode.swift; path = ConstraintItem.swift; sourceTree = "<group>"; };
		442ADDD81F612B4F002A16E4 /* ConstraintLayoutGuide.swift */ = {isa = PBXFileReference; fileEncoding = 4; lastKnownFileType = sourcecode.swift; path = ConstraintLayoutGuide.swift; sourceTree = "<group>"; };
		442ADDD91F612B4F002A16E4 /* ConstraintLayoutGuideDSL.swift */ = {isa = PBXFileReference; fileEncoding = 4; lastKnownFileType = sourcecode.swift; path = ConstraintLayoutGuideDSL.swift; sourceTree = "<group>"; };
		442ADDDA1F612B4F002A16E4 /* ConstraintLayoutSupport.swift */ = {isa = PBXFileReference; fileEncoding = 4; lastKnownFileType = sourcecode.swift; path = ConstraintLayoutSupport.swift; sourceTree = "<group>"; };
		442ADDDB1F612B4F002A16E4 /* ConstraintLayoutSupportDSL.swift */ = {isa = PBXFileReference; fileEncoding = 4; lastKnownFileType = sourcecode.swift; path = ConstraintLayoutSupportDSL.swift; sourceTree = "<group>"; };
		442ADDDC1F612B4F002A16E4 /* ConstraintMaker.swift */ = {isa = PBXFileReference; fileEncoding = 4; lastKnownFileType = sourcecode.swift; path = ConstraintMaker.swift; sourceTree = "<group>"; };
		442ADDDD1F612B4F002A16E4 /* ConstraintMakerEditable.swift */ = {isa = PBXFileReference; fileEncoding = 4; lastKnownFileType = sourcecode.swift; path = ConstraintMakerEditable.swift; sourceTree = "<group>"; };
		442ADDDE1F612B4F002A16E4 /* ConstraintMakerExtendable.swift */ = {isa = PBXFileReference; fileEncoding = 4; lastKnownFileType = sourcecode.swift; path = ConstraintMakerExtendable.swift; sourceTree = "<group>"; };
		442ADDDF1F612B4F002A16E4 /* ConstraintMakerFinalizable.swift */ = {isa = PBXFileReference; fileEncoding = 4; lastKnownFileType = sourcecode.swift; path = ConstraintMakerFinalizable.swift; sourceTree = "<group>"; };
		442ADDE01F612B4F002A16E4 /* ConstraintMakerPriortizable.swift */ = {isa = PBXFileReference; fileEncoding = 4; lastKnownFileType = sourcecode.swift; path = ConstraintMakerPriortizable.swift; sourceTree = "<group>"; };
		442ADDE11F612B4F002A16E4 /* ConstraintMakerRelatable.swift */ = {isa = PBXFileReference; fileEncoding = 4; lastKnownFileType = sourcecode.swift; path = ConstraintMakerRelatable.swift; sourceTree = "<group>"; };
		442ADDE21F612B4F002A16E4 /* ConstraintMultiplierTarget.swift */ = {isa = PBXFileReference; fileEncoding = 4; lastKnownFileType = sourcecode.swift; path = ConstraintMultiplierTarget.swift; sourceTree = "<group>"; };
		442ADDE31F612B4F002A16E4 /* ConstraintOffsetTarget.swift */ = {isa = PBXFileReference; fileEncoding = 4; lastKnownFileType = sourcecode.swift; path = ConstraintOffsetTarget.swift; sourceTree = "<group>"; };
		442ADDE41F612B4F002A16E4 /* ConstraintPriorityTarget.swift */ = {isa = PBXFileReference; fileEncoding = 4; lastKnownFileType = sourcecode.swift; path = ConstraintPriorityTarget.swift; sourceTree = "<group>"; };
		442ADDE51F612B4F002A16E4 /* ConstraintRelatableTarget.swift */ = {isa = PBXFileReference; fileEncoding = 4; lastKnownFileType = sourcecode.swift; path = ConstraintRelatableTarget.swift; sourceTree = "<group>"; };
		442ADDE61F612B4F002A16E4 /* ConstraintRelation.swift */ = {isa = PBXFileReference; fileEncoding = 4; lastKnownFileType = sourcecode.swift; path = ConstraintRelation.swift; sourceTree = "<group>"; };
		442ADDE71F612B4F002A16E4 /* ConstraintView+Extensions.swift */ = {isa = PBXFileReference; fileEncoding = 4; lastKnownFileType = sourcecode.swift; path = "ConstraintView+Extensions.swift"; sourceTree = "<group>"; };
		442ADDE81F612B4F002A16E4 /* ConstraintView.swift */ = {isa = PBXFileReference; fileEncoding = 4; lastKnownFileType = sourcecode.swift; path = ConstraintView.swift; sourceTree = "<group>"; };
		442ADDE91F612B4F002A16E4 /* ConstraintViewDSL.swift */ = {isa = PBXFileReference; fileEncoding = 4; lastKnownFileType = sourcecode.swift; path = ConstraintViewDSL.swift; sourceTree = "<group>"; };
		442ADDEA1F612B4F002A16E4 /* Debugging.swift */ = {isa = PBXFileReference; fileEncoding = 4; lastKnownFileType = sourcecode.swift; path = Debugging.swift; sourceTree = "<group>"; };
		442ADDEB1F612B4F002A16E4 /* LayoutConstraint.swift */ = {isa = PBXFileReference; fileEncoding = 4; lastKnownFileType = sourcecode.swift; path = LayoutConstraint.swift; sourceTree = "<group>"; };
		442ADDEC1F612B4F002A16E4 /* UILayoutGuide+Extensions.swift */ = {isa = PBXFileReference; fileEncoding = 4; lastKnownFileType = sourcecode.swift; path = "UILayoutGuide+Extensions.swift"; sourceTree = "<group>"; };
		442ADDED1F612B4F002A16E4 /* UILayoutSupport+Extensions.swift */ = {isa = PBXFileReference; fileEncoding = 4; lastKnownFileType = sourcecode.swift; path = "UILayoutSupport+Extensions.swift"; sourceTree = "<group>"; };
/* End PBXFileReference section */

/* Begin PBXFrameworksBuildPhase section */
		442ADDAF1F612AFF002A16E4 /* Frameworks */ = {
			isa = PBXFrameworksBuildPhase;
			buildActionMask = 2147483647;
			files = (
			);
			runOnlyForDeploymentPostprocessing = 0;
		};
/* End PBXFrameworksBuildPhase section */

/* Begin PBXGroup section */
		442ADDA91F612AFF002A16E4 = {
			isa = PBXGroup;
			children = (
				442ADDB41F612AFF002A16E4 /* LinkageView */,
				442ADDB31F612AFF002A16E4 /* Products */,
			);
			sourceTree = "<group>";
		};
		442ADDB31F612AFF002A16E4 /* Products */ = {
			isa = PBXGroup;
			children = (
				442ADDB21F612AFF002A16E4 /* LinkageView.app */,
			);
			name = Products;
			sourceTree = "<group>";
		};
		442ADDB41F612AFF002A16E4 /* LinkageView */ = {
			isa = PBXGroup;
			children = (
				442ADDB51F612AFF002A16E4 /* AppDelegate.swift */,
				442ADDB71F612AFF002A16E4 /* ViewController.swift */,
				442ADDC71F612B4F002A16E4 /* ColorExtension.swift */,
				442ADDC81F612B4F002A16E4 /* LVCollectionViewCell.swift */,
				442ADDC91F612B4F002A16E4 /* LVContentView.swift */,
				442ADDCA1F612B4F002A16E4 /* LVHeaderView.swift */,
				442ADDCB1F612B4F002A16E4 /* SnapKit */,
				442ADDB91F612AFF002A16E4 /* Main.storyboard */,
				442ADDBC1F612AFF002A16E4 /* Assets.xcassets */,
				442ADDBE1F612AFF002A16E4 /* LaunchScreen.storyboard */,
				442ADDC11F612AFF002A16E4 /* Info.plist */,
			);
			path = LinkageView;
			sourceTree = "<group>";
		};
		442ADDCB1F612B4F002A16E4 /* SnapKit */ = {
			isa = PBXGroup;
			children = (
				442ADDCC1F612B4F002A16E4 /* LICENSE */,
				442ADDCD1F612B4F002A16E4 /* README.md */,
				442ADDCE1F612B4F002A16E4 /* Source */,
			);
			path = SnapKit;
			sourceTree = "<group>";
		};
		442ADDCE1F612B4F002A16E4 /* Source */ = {
			isa = PBXGroup;
			children = (
				442ADDCF1F612B4F002A16E4 /* Constraint.swift */,
				442ADDD01F612B4F002A16E4 /* ConstraintAttributes.swift */,
				442ADDD11F612B4F002A16E4 /* ConstraintConfig.swift */,
				442ADDD21F612B4F002A16E4 /* ConstraintConstantTarget.swift */,
				442ADDD31F612B4F002A16E4 /* ConstraintDescription.swift */,
				442ADDD41F612B4F002A16E4 /* ConstraintDSL.swift */,
				442ADDD51F612B4F002A16E4 /* ConstraintInsets.swift */,
				442ADDD61F612B4F002A16E4 /* ConstraintInsetTarget.swift */,
				442ADDD71F612B4F002A16E4 /* ConstraintItem.swift */,
				442ADDD81F612B4F002A16E4 /* ConstraintLayoutGuide.swift */,
				442ADDD91F612B4F002A16E4 /* ConstraintLayoutGuideDSL.swift */,
				442ADDDA1F612B4F002A16E4 /* ConstraintLayoutSupport.swift */,
				442ADDDB1F612B4F002A16E4 /* ConstraintLayoutSupportDSL.swift */,
				442ADDDC1F612B4F002A16E4 /* ConstraintMaker.swift */,
				442ADDDD1F612B4F002A16E4 /* ConstraintMakerEditable.swift */,
				442ADDDE1F612B4F002A16E4 /* ConstraintMakerExtendable.swift */,
				442ADDDF1F612B4F002A16E4 /* ConstraintMakerFinalizable.swift */,
				442ADDE01F612B4F002A16E4 /* ConstraintMakerPriortizable.swift */,
				442ADDE11F612B4F002A16E4 /* ConstraintMakerRelatable.swift */,
				442ADDE21F612B4F002A16E4 /* ConstraintMultiplierTarget.swift */,
				442ADDE31F612B4F002A16E4 /* ConstraintOffsetTarget.swift */,
				442ADDE41F612B4F002A16E4 /* ConstraintPriorityTarget.swift */,
				442ADDE51F612B4F002A16E4 /* ConstraintRelatableTarget.swift */,
				442ADDE61F612B4F002A16E4 /* ConstraintRelation.swift */,
				442ADDE71F612B4F002A16E4 /* ConstraintView+Extensions.swift */,
				442ADDE81F612B4F002A16E4 /* ConstraintView.swift */,
				442ADDE91F612B4F002A16E4 /* ConstraintViewDSL.swift */,
				442ADDEA1F612B4F002A16E4 /* Debugging.swift */,
				442ADDEB1F612B4F002A16E4 /* LayoutConstraint.swift */,
				442ADDEC1F612B4F002A16E4 /* UILayoutGuide+Extensions.swift */,
				442ADDED1F612B4F002A16E4 /* UILayoutSupport+Extensions.swift */,
			);
			path = Source;
			sourceTree = "<group>";
		};
/* End PBXGroup section */

/* Begin PBXNativeTarget section */
		442ADDB11F612AFF002A16E4 /* LinkageView */ = {
			isa = PBXNativeTarget;
			buildConfigurationList = 442ADDC41F612AFF002A16E4 /* Build configuration list for PBXNativeTarget "LinkageView" */;
			buildPhases = (
				442ADDAE1F612AFF002A16E4 /* Sources */,
				442ADDAF1F612AFF002A16E4 /* Frameworks */,
				442ADDB01F612AFF002A16E4 /* Resources */,
			);
			buildRules = (
			);
			dependencies = (
			);
			name = LinkageView;
			productName = LinkageView;
			productReference = 442ADDB21F612AFF002A16E4 /* LinkageView.app */;
			productType = "com.apple.product-type.application";
		};
/* End PBXNativeTarget section */

/* Begin PBXProject section */
		442ADDAA1F612AFF002A16E4 /* Project object */ = {
			isa = PBXProject;
			attributes = {
				LastSwiftUpdateCheck = 0830;
				LastUpgradeCheck = 0830;
				ORGANIZATIONNAME = qingqing;
				TargetAttributes = {
					442ADDB11F612AFF002A16E4 = {
						CreatedOnToolsVersion = 8.3.3;
						DevelopmentTeam = UZN53W6KPV;
						ProvisioningStyle = Automatic;
					};
				};
			};
			buildConfigurationList = 442ADDAD1F612AFF002A16E4 /* Build configuration list for PBXProject "LinkageView" */;
			compatibilityVersion = "Xcode 3.2";
			developmentRegion = English;
			hasScannedForEncodings = 0;
			knownRegions = (
				en,
				Base,
			);
			mainGroup = 442ADDA91F612AFF002A16E4;
			productRefGroup = 442ADDB31F612AFF002A16E4 /* Products */;
			projectDirPath = "";
			projectRoot = "";
			targets = (
				442ADDB11F612AFF002A16E4 /* LinkageView */,
			);
		};
/* End PBXProject section */

/* Begin PBXResourcesBuildPhase section */
		442ADDB01F612AFF002A16E4 /* Resources */ = {
			isa = PBXResourcesBuildPhase;
			buildActionMask = 2147483647;
			files = (
				442ADDC01F612AFF002A16E4 /* LaunchScreen.storyboard in Resources */,
				442ADDBD1F612AFF002A16E4 /* Assets.xcassets in Resources */,
				442ADDF21F612B4F002A16E4 /* LICENSE in Resources */,
				442ADDBB1F612AFF002A16E4 /* Main.storyboard in Resources */,
			);
			runOnlyForDeploymentPostprocessing = 0;
		};
/* End PBXResourcesBuildPhase section */

/* Begin PBXSourcesBuildPhase section */
		442ADDAE1F612AFF002A16E4 /* Sources */ = {
			isa = PBXSourcesBuildPhase;
			buildActionMask = 2147483647;
			files = (
				442ADDF51F612B4F002A16E4 /* ConstraintAttributes.swift in Sources */,
				442ADE0E1F612B4F002A16E4 /* ConstraintViewDSL.swift in Sources */,
				442ADDF41F612B4F002A16E4 /* Constraint.swift in Sources */,
				442ADE011F612B4F002A16E4 /* ConstraintMaker.swift in Sources */,
				442ADDF71F612B4F002A16E4 /* ConstraintConstantTarget.swift in Sources */,
				442ADDFC1F612B4F002A16E4 /* ConstraintItem.swift in Sources */,
				442ADE001F612B4F002A16E4 /* ConstraintLayoutSupportDSL.swift in Sources */,
				442ADDFD1F612B4F002A16E4 /* ConstraintLayoutGuide.swift in Sources */,
				442ADE021F612B4F002A16E4 /* ConstraintMakerEditable.swift in Sources */,
				442ADDEE1F612B4F002A16E4 /* ColorExtension.swift in Sources */,
				442ADDFB1F612B4F002A16E4 /* ConstraintInsetTarget.swift in Sources */,
				442ADE041F612B4F002A16E4 /* ConstraintMakerFinalizable.swift in Sources */,
				442ADDB81F612AFF002A16E4 /* ViewController.swift in Sources */,
				442ADE0D1F612B4F002A16E4 /* ConstraintView.swift in Sources */,
				442ADDEF1F612B4F002A16E4 /* LVCollectionViewCell.swift in Sources */,
				442ADDFF1F612B4F002A16E4 /* ConstraintLayoutSupport.swift in Sources */,
				442ADE121F612B4F002A16E4 /* UILayoutSupport+Extensions.swift in Sources */,
				442ADDF31F612B4F002A16E4 /* README.md in Sources */,
				442ADDF61F612B4F002A16E4 /* ConstraintConfig.swift in Sources */,
				442ADDF11F612B4F002A16E4 /* LVHeaderView.swift in Sources */,
				442ADDF91F612B4F002A16E4 /* ConstraintDSL.swift in Sources */,
				442ADE031F612B4F002A16E4 /* ConstraintMakerExtendable.swift in Sources */,
				442ADDF01F612B4F002A16E4 /* LVContentView.swift in Sources */,
				442ADE0F1F612B4F002A16E4 /* Debugging.swift in Sources */,
				442ADE091F612B4F002A16E4 /* ConstraintPriorityTarget.swift in Sources */,
				442ADE0C1F612B4F002A16E4 /* ConstraintView+Extensions.swift in Sources */,
				442ADE0B1F612B4F002A16E4 /* ConstraintRelation.swift in Sources */,
				442ADDB61F612AFF002A16E4 /* AppDelegate.swift in Sources */,
				442ADDFA1F612B4F002A16E4 /* ConstraintInsets.swift in Sources */,
				442ADE081F612B4F002A16E4 /* ConstraintOffsetTarget.swift in Sources */,
				442ADDF81F612B4F002A16E4 /* ConstraintDescription.swift in Sources */,
				442ADDFE1F612B4F002A16E4 /* ConstraintLayoutGuideDSL.swift in Sources */,
				442ADE071F612B4F002A16E4 /* ConstraintMultiplierTarget.swift in Sources */,
				442ADE101F612B4F002A16E4 /* LayoutConstraint.swift in Sources */,
				442ADE111F612B4F002A16E4 /* UILayoutGuide+Extensions.swift in Sources */,
				442ADE061F612B4F002A16E4 /* ConstraintMakerRelatable.swift in Sources */,
				442ADE0A1F612B4F002A16E4 /* ConstraintRelatableTarget.swift in Sources */,
				442ADE051F612B4F002A16E4 /* ConstraintMakerPriortizable.swift in Sources */,
			);
			runOnlyForDeploymentPostprocessing = 0;
		};
/* End PBXSourcesBuildPhase section */

/* Begin PBXVariantGroup section */
		442ADDB91F612AFF002A16E4 /* Main.storyboard */ = {
			isa = PBXVariantGroup;
			children = (
				442ADDBA1F612AFF002A16E4 /* Base */,
			);
			name = Main.storyboard;
			sourceTree = "<group>";
		};
		442ADDBE1F612AFF002A16E4 /* LaunchScreen.storyboard */ = {
			isa = PBXVariantGroup;
			children = (
				442ADDBF1F612AFF002A16E4 /* Base */,
			);
			name = LaunchScreen.storyboard;
			sourceTree = "<group>";
		};
/* End PBXVariantGroup section */

/* Begin XCBuildConfiguration section */
		442ADDC21F612AFF002A16E4 /* Debug */ = {
			isa = XCBuildConfiguration;
			buildSettings = {
				ALWAYS_SEARCH_USER_PATHS = NO;
				CLANG_ANALYZER_NONNULL = YES;
				CLANG_ANALYZER_NUMBER_OBJECT_CONVERSION = YES_AGGRESSIVE;
				CLANG_CXX_LANGUAGE_STANDARD = "gnu++0x";
				CLANG_CXX_LIBRARY = "libc++";
				CLANG_ENABLE_MODULES = YES;
				CLANG_ENABLE_OBJC_ARC = YES;
				CLANG_WARN_BOOL_CONVERSION = YES;
				CLANG_WARN_CONSTANT_CONVERSION = YES;
				CLANG_WARN_DIRECT_OBJC_ISA_USAGE = YES_ERROR;
				CLANG_WARN_DOCUMENTATION_COMMENTS = YES;
				CLANG_WARN_EMPTY_BODY = YES;
				CLANG_WARN_ENUM_CONVERSION = YES;
				CLANG_WARN_INFINITE_RECURSION = YES;
				CLANG_WARN_INT_CONVERSION = YES;
				CLANG_WARN_OBJC_ROOT_CLASS = YES_ERROR;
				CLANG_WARN_SUSPICIOUS_MOVE = YES;
				CLANG_WARN_UNREACHABLE_CODE = YES;
				CLANG_WARN__DUPLICATE_METHOD_MATCH = YES;
				"CODE_SIGN_IDENTITY[sdk=iphoneos*]" = "iPhone Developer";
				COPY_PHASE_STRIP = NO;
				DEBUG_INFORMATION_FORMAT = dwarf;
				ENABLE_STRICT_OBJC_MSGSEND = YES;
				ENABLE_TESTABILITY = YES;
				GCC_C_LANGUAGE_STANDARD = gnu99;
				GCC_DYNAMIC_NO_PIC = NO;
				GCC_NO_COMMON_BLOCKS = YES;
				GCC_OPTIMIZATION_LEVEL = 0;
				GCC_PREPROCESSOR_DEFINITIONS = (
					"DEBUG=1",
					"$(inherited)",
				);
				GCC_WARN_64_TO_32_BIT_CONVERSION = YES;
				GCC_WARN_ABOUT_RETURN_TYPE = YES_ERROR;
				GCC_WARN_UNDECLARED_SELECTOR = YES;
				GCC_WARN_UNINITIALIZED_AUTOS = YES_AGGRESSIVE;
				GCC_WARN_UNUSED_FUNCTION = YES;
				GCC_WARN_UNUSED_VARIABLE = YES;
				IPHONEOS_DEPLOYMENT_TARGET = 10.3;
				MTL_ENABLE_DEBUG_INFO = YES;
				ONLY_ACTIVE_ARCH = YES;
				SDKROOT = iphoneos;
				SWIFT_ACTIVE_COMPILATION_CONDITIONS = DEBUG;
				SWIFT_OPTIMIZATION_LEVEL = "-Onone";
				TARGETED_DEVICE_FAMILY = "1,2";
			};
			name = Debug;
		};
		442ADDC31F612AFF002A16E4 /* Release */ = {
			isa = XCBuildConfiguration;
			buildSettings = {
				ALWAYS_SEARCH_USER_PATHS = NO;
				CLANG_ANALYZER_NONNULL = YES;
				CLANG_ANALYZER_NUMBER_OBJECT_CONVERSION = YES_AGGRESSIVE;
				CLANG_CXX_LANGUAGE_STANDARD = "gnu++0x";
				CLANG_CXX_LIBRARY = "libc++";
				CLANG_ENABLE_MODULES = YES;
				CLANG_ENABLE_OBJC_ARC = YES;
				CLANG_WARN_BOOL_CONVERSION = YES;
				CLANG_WARN_CONSTANT_CONVERSION = YES;
				CLANG_WARN_DIRECT_OBJC_ISA_USAGE = YES_ERROR;
				CLANG_WARN_DOCUMENTATION_COMMENTS = YES;
				CLANG_WARN_EMPTY_BODY = YES;
				CLANG_WARN_ENUM_CONVERSION = YES;
				CLANG_WARN_INFINITE_RECURSION = YES;
				CLANG_WARN_INT_CONVERSION = YES;
				CLANG_WARN_OBJC_ROOT_CLASS = YES_ERROR;
				CLANG_WARN_SUSPICIOUS_MOVE = YES;
				CLANG_WARN_UNREACHABLE_CODE = YES;
				CLANG_WARN__DUPLICATE_METHOD_MATCH = YES;
				"CODE_SIGN_IDENTITY[sdk=iphoneos*]" = "iPhone Developer";
				COPY_PHASE_STRIP = NO;
				DEBUG_INFORMATION_FORMAT = "dwarf-with-dsym";
				ENABLE_NS_ASSERTIONS = NO;
				ENABLE_STRICT_OBJC_MSGSEND = YES;
				GCC_C_LANGUAGE_STANDARD = gnu99;
				GCC_NO_COMMON_BLOCKS = YES;
				GCC_WARN_64_TO_32_BIT_CONVERSION = YES;
				GCC_WARN_ABOUT_RETURN_TYPE = YES_ERROR;
				GCC_WARN_UNDECLARED_SELECTOR = YES;
				GCC_WARN_UNINITIALIZED_AUTOS = YES_AGGRESSIVE;
				GCC_WARN_UNUSED_FUNCTION = YES;
				GCC_WARN_UNUSED_VARIABLE = YES;
				IPHONEOS_DEPLOYMENT_TARGET = 10.3;
				MTL_ENABLE_DEBUG_INFO = NO;
				SDKROOT = iphoneos;
				SWIFT_OPTIMIZATION_LEVEL = "-Owholemodule";
				TARGETED_DEVICE_FAMILY = "1,2";
				VALIDATE_PRODUCT = YES;
			};
			name = Release;
		};
		442ADDC51F612AFF002A16E4 /* Debug */ = {
			isa = XCBuildConfiguration;
			buildSettings = {
				ASSETCATALOG_COMPILER_APPICON_NAME = AppIcon;
				DEVELOPMENT_TEAM = UZN53W6KPV;
				INFOPLIST_FILE = LinkageView/Info.plist;
				LD_RUNPATH_SEARCH_PATHS = "$(inherited) @executable_path/Frameworks";
				PRODUCT_BUNDLE_IDENTIFIER = qingqing.LinkageView;
				PRODUCT_NAME = "$(TARGET_NAME)";
				SWIFT_VERSION = 3.0;
			};
			name = Debug;
		};
		442ADDC61F612AFF002A16E4 /* Release */ = {
			isa = XCBuildConfiguration;
			buildSettings = {
				ASSETCATALOG_COMPILER_APPICON_NAME = AppIcon;
				DEVELOPMENT_TEAM = UZN53W6KPV;
				INFOPLIST_FILE = LinkageView/Info.plist;
				LD_RUNPATH_SEARCH_PATHS = "$(inherited) @executable_path/Frameworks";
				PRODUCT_BUNDLE_IDENTIFIER = qingqing.LinkageView;
				PRODUCT_NAME = "$(TARGET_NAME)";
				SWIFT_VERSION = 3.0;
			};
			name = Release;
		};
/* End XCBuildConfiguration section */

/* Begin XCConfigurationList section */
		442ADDAD1F612AFF002A16E4 /* Build configuration list for PBXProject "LinkageView" */ = {
			isa = XCConfigurationList;
			buildConfigurations = (
				442ADDC21F612AFF002A16E4 /* Debug */,
				442ADDC31F612AFF002A16E4 /* Release */,
			);
			defaultConfigurationIsVisible = 0;
			defaultConfigurationName = Release;
		};
		442ADDC41F612AFF002A16E4 /* Build configuration list for PBXNativeTarget "LinkageView" */ = {
			isa = XCConfigurationList;
			buildConfigurations = (
				442ADDC51F612AFF002A16E4 /* Debug */,
				442ADDC61F612AFF002A16E4 /* Release */,
			);
			defaultConfigurationIsVisible = 0;
		};
/* End XCConfigurationList section */
	};
	rootObject = 442ADDAA1F612AFF002A16E4 /* Project object */;
}
